
Microsoft Visual Studio Solution File, Format Version 12.00
# Visual Studio Version 17
VisualStudioVersion = 17.9.34622.214
MinimumVisualStudioVersion = 10.0.40219.1
Project("{9A19103F-16F7-4668-BE54-9A1E7A4F7556}") = "Arrays", "Arrays\Arrays.csproj", "{37EDE3A7-DF13-482E-A66A-19CC7800AD5C}"
EndProject
Project("{9A19103F-16F7-4668-BE54-9A1E7A4F7556}") = "DataTypes", "..\DataTypes\DataTypes.csproj", "{82B7D781-006D-4B3D-AFE3-32193A963078}"
EndProject
Project("{9A19103F-16F7-4668-BE54-9A1E7A4F7556}") = "StringsFunctions", "..\StringsFunctions\StringsFunctions.csproj", "{41EE65FD-7104-4DA0-9147-2ECA400D0472}"
EndProject
Global
	GlobalSection(SolutionConfigurationPlatforms) = preSolution
		Debug|Any CPU = Debug|Any CPU
		Release|Any CPU = Release|Any CPU
	EndGlobalSection
	GlobalSection(ProjectConfigurationPlatforms) = postSolution
		{37EDE3A7-DF13-482E-A66A-19CC7800AD5C}.Debug|Any CPU.ActiveCfg = Debug|Any CPU
		{37EDE3A7-DF13-482E-A66A-19CC7800AD5C}.Debug|Any CPU.Build.0 = Debug|Any CPU
		{37EDE3A7-DF13-482E-A66A-19CC7800AD5C}.Release|Any CPU.ActiveCfg = Release|Any CPU
		{37EDE3A7-DF13-482E-A66A-19CC7800AD5C}.Release|Any CPU.Build.0 = Release|Any CPU
		{82B7D781-006D-4B3D-AFE3-32193A963078}.Debug|Any CPU.ActiveCfg = Debug|Any CPU
		{82B7D781-006D-4B3D-AFE3-32193A963078}.Debug|Any CPU.Build.0 = Debug|Any CPU
		{82B7D781-006D-4B3D-AFE3-32193A963078}.Release|Any CPU.ActiveCfg = Release|Any CPU
		{82B7D781-006D-4B3D-AFE3-32193A963078}.Release|Any CPU.Build.0 = Release|Any CPU
		{41EE65FD-7104-4DA0-9147-2ECA400D0472}.Debug|Any CPU.ActiveCfg = Debug|Any CPU
		{41EE65FD-7104-4DA0-9147-2ECA400D0472}.Debug|Any CPU.Build.0 = Debug|Any CPU
		{41EE65FD-7104-4DA0-9147-2ECA400D0472}.Release|Any CPU.ActiveCfg = Release|Any CPU
		{41EE65FD-7104-4DA0-9147-2ECA400D0472}.Release|Any CPU.Build.0 = Release|Any CPU
	EndGlobalSection
	GlobalSection(SolutionProperties) = preSolution
		HideSolutionNode = FALSE
	EndGlobalSection
	GlobalSection(ExtensibilityGlobals) = postSolution
		SolutionGuid = {D21058F3-7BD5-4720-9965-784B21A65E88}
	EndGlobalSection
EndGlobal
